// !$*UTF8*$!
{
	archiveVersion = 1;
	classes = {
	};
	objectVersion = 50;
	objects = {

/* Begin PBXBuildFile section */
		C2265A37261B7FE90020AFC2 /* AppDelegate.m in Sources */ = {isa = PBXBuildFile; fileRef = C2265A36261B7FE90020AFC2 /* AppDelegate.m */; };
		C2265A3A261B7FE90020AFC2 /* SceneDelegate.m in Sources */ = {isa = PBXBuildFile; fileRef = C2265A39261B7FE90020AFC2 /* SceneDelegate.m */; };
		C2265A3D261B7FE90020AFC2 /* ViewController.m in Sources */ = {isa = PBXBuildFile; fileRef = C2265A3C261B7FE90020AFC2 /* ViewController.m */; };
		C2265A40261B7FE90020AFC2 /* Main.storyboard in Resources */ = {isa = PBXBuildFile; fileRef = C2265A3E261B7FE90020AFC2 /* Main.storyboard */; };
		C2265A45261B7FEB0020AFC2 /* LaunchScreen.storyboard in Resources */ = {isa = PBXBuildFile; fileRef = C2265A43261B7FEB0020AFC2 /* LaunchScreen.storyboard */; };
		C2265A48261B7FEB0020AFC2 /* main.m in Sources */ = {isa = PBXBuildFile; fileRef = C2265A47261B7FEB0020AFC2 /* main.m */; };
		C2265A53261B869A0020AFC2 /* InprogressViewController.m in Sources */ = {isa = PBXBuildFile; fileRef = C2265A52261B869A0020AFC2 /* InprogressViewController.m */; };
		C2265A56261B86A60020AFC2 /* DoneViewController.m in Sources */ = {isa = PBXBuildFile; fileRef = C2265A55261B86A60020AFC2 /* DoneViewController.m */; };
		C2265A59261B89AE0020AFC2 /* AddTaskViewController.m in Sources */ = {isa = PBXBuildFile; fileRef = C2265A58261B89AE0020AFC2 /* AddTaskViewController.m */; };
		C2265A5C261B97740020AFC2 /* TaskModel.m in Sources */ = {isa = PBXBuildFile; fileRef = C2265A5B261B97740020AFC2 /* TaskModel.m */; };
		C2265A5F261B9F670020AFC2 /* UserNotifications.framework in Frameworks */ = {isa = PBXBuildFile; fileRef = C2265A5E261B9F670020AFC2 /* UserNotifications.framework */; };
		C2265A6E261BE2D00020AFC2 /* med.png in Resources */ = {isa = PBXBuildFile; fileRef = C2265A6B261BE2CF0020AFC2 /* med.png */; };
		C2265A6F261BE2D00020AFC2 /* high.png in Resources */ = {isa = PBXBuildFile; fileRef = C2265A6C261BE2D00020AFC2 /* high.png */; };
		C2265A70261BE2D00020AFC2 /* low.png in Resources */ = {isa = PBXBuildFile; fileRef = C2265A6D261BE2D00020AFC2 /* low.png */; };
		C2265A73261BEB630020AFC2 /* EditTaskViewController.m in Sources */ = {isa = PBXBuildFile; fileRef = C2265A72261BEB630020AFC2 /* EditTaskViewController.m */; };
/* End PBXBuildFile section */

/* Begin PBXFileReference section */
		C2265A32261B7FE90020AFC2 /* To-Do List.app */ = {isa = PBXFileReference; explicitFileType = wrapper.application; includeInIndex = 0; path = "To-Do List.app"; sourceTree = BUILT_PRODUCTS_DIR; };
		C2265A35261B7FE90020AFC2 /* AppDelegate.h */ = {isa = PBXFileReference; lastKnownFileType = sourcecode.c.h; path = AppDelegate.h; sourceTree = "<group>"; };
		C2265A36261B7FE90020AFC2 /* AppDelegate.m */ = {isa = PBXFileReference; lastKnownFileType = sourcecode.c.objc; path = AppDelegate.m; sourceTree = "<group>"; };
		C2265A38261B7FE90020AFC2 /* SceneDelegate.h */ = {isa = PBXFileReference; lastKnownFileType = sourcecode.c.h; path = SceneDelegate.h; sourceTree = "<group>"; };
		C2265A39261B7FE90020AFC2 /* SceneDelegate.m */ = {isa = PBXFileReference; lastKnownFileType = sourcecode.c.objc; path = SceneDelegate.m; sourceTree = "<group>"; };
		C2265A3B261B7FE90020AFC2 /* ViewController.h */ = {isa = PBXFileReference; lastKnownFileType = sourcecode.c.h; path = ViewController.h; sourceTree = "<group>"; };
		C2265A3C261B7FE90020AFC2 /* ViewController.m */ = {isa = PBXFileReference; lastKnownFileType = sourcecode.c.objc; path = ViewController.m; sourceTree = "<group>"; };
		C2265A3F261B7FE90020AFC2 /* Base */ = {isa = PBXFileReference; lastKnownFileType = file.storyboard; name = Base; path = Base.lproj/Main.storyboard; sourceTree = "<group>"; };
		C2265A44261B7FEB0020AFC2 /* Base */ = {isa = PBXFileReference; lastKnownFileType = file.storyboard; name = Base; path = Base.lproj/LaunchScreen.storyboard; sourceTree = "<group>"; };
		C2265A46261B7FEB0020AFC2 /* Info.plist */ = {isa = PBXFileReference; lastKnownFileType = text.plist.xml; path = Info.plist; sourceTree = "<group>"; };
		C2265A47261B7FEB0020AFC2 /* main.m */ = {isa = PBXFileReference; lastKnownFileType = sourcecode.c.objc; path = main.m; sourceTree = "<group>"; };
		C2265A51261B869A0020AFC2 /* InprogressViewController.h */ = {isa = PBXFileReference; lastKnownFileType = sourcecode.c.h; path = InprogressViewController.h; sourceTree = "<group>"; };
		C2265A52261B869A0020AFC2 /* InprogressViewController.m */ = {isa = PBXFileReference; lastKnownFileType = sourcecode.c.objc; path = InprogressViewController.m; sourceTree = "<group>"; };
		C2265A54261B86A60020AFC2 /* DoneViewController.h */ = {isa = PBXFileReference; lastKnownFileType = sourcecode.c.h; path = DoneViewController.h; sourceTree = "<group>"; };
		C2265A55261B86A60020AFC2 /* DoneViewController.m */ = {isa = PBXFileReference; lastKnownFileType = sourcecode.c.objc; path = DoneViewController.m; sourceTree = "<group>"; };
		C2265A57261B89AE0020AFC2 /* AddTaskViewController.h */ = {isa = PBXFileReference; lastKnownFileType = sourcecode.c.h; path = AddTaskViewController.h; sourceTree = "<group>"; };
		C2265A58261B89AE0020AFC2 /* AddTaskViewController.m */ = {isa = PBXFileReference; lastKnownFileType = sourcecode.c.objc; path = AddTaskViewController.m; sourceTree = "<group>"; };
		C2265A5A261B97740020AFC2 /* TaskModel.h */ = {isa = PBXFileReference; lastKnownFileType = sourcecode.c.h; path = TaskModel.h; sourceTree = "<group>"; };
		C2265A5B261B97740020AFC2 /* TaskModel.m */ = {isa = PBXFileReference; lastKnownFileType = sourcecode.c.objc; path = TaskModel.m; sourceTree = "<group>"; };
		C2265A5E261B9F670020AFC2 /* UserNotifications.framework */ = {isa = PBXFileReference; lastKnownFileType = wrapper.framework; name = UserNotifications.framework; path = System/Library/Frameworks/UserNotifications.framework; sourceTree = SDKROOT; };
		C2265A60261BB5F50020AFC2 /* MyProtocol.h */ = {isa = PBXFileReference; lastKnownFileType = sourcecode.c.h; path = MyProtocol.h; sourceTree = "<group>"; };
		C2265A6B261BE2CF0020AFC2 /* med.png */ = {isa = PBXFileReference; lastKnownFileType = image.png; name = med.png; path = "../../../../../../Volumes/VMware Shared Folders/myFolderAmr/med.png"; sourceTree = "<group>"; };
		C2265A6C261BE2D00020AFC2 /* high.png */ = {isa = PBXFileReference; lastKnownFileType = image.png; name = high.png; path = "../../../../../../Volumes/VMware Shared Folders/myFolderAmr/high.png"; sourceTree = "<group>"; };
		C2265A6D261BE2D00020AFC2 /* low.png */ = {isa = PBXFileReference; lastKnownFileType = image.png; name = low.png; path = "../../../../../../Volumes/VMware Shared Folders/myFolderAmr/low.png"; sourceTree = "<group>"; };
		C2265A71261BEB630020AFC2 /* EditTaskViewController.h */ = {isa = PBXFileReference; lastKnownFileType = sourcecode.c.h; path = EditTaskViewController.h; sourceTree = "<group>"; };
		C2265A72261BEB630020AFC2 /* EditTaskViewController.m */ = {isa = PBXFileReference; lastKnownFileType = sourcecode.c.objc; path = EditTaskViewController.m; sourceTree = "<group>"; };
/* End PBXFileReference section */

/* Begin PBXFrameworksBuildPhase section */
		C2265A2F261B7FE90020AFC2 /* Frameworks */ = {
			isa = PBXFrameworksBuildPhase;
			buildActionMask = 2147483647;
			files = (
				C2265A5F261B9F670020AFC2 /* UserNotifications.framework in Frameworks */,
			);
			runOnlyForDeploymentPostprocessing = 0;
		};
/* End PBXFrameworksBuildPhase section */

/* Begin PBXGroup section */
		C2265A29261B7FE90020AFC2 = {
			isa = PBXGroup;
			children = (
				C2265A34261B7FE90020AFC2 /* To-Do List */,
				C2265A33261B7FE90020AFC2 /* Products */,
				C2265A5D261B9F660020AFC2 /* Frameworks */,
			);
			sourceTree = "<group>";
		};
		C2265A33261B7FE90020AFC2 /* Products */ = {
			isa = PBXGroup;
			children = (
				C2265A32261B7FE90020AFC2 /* To-Do List.app */,
			);
			name = Products;
			sourceTree = "<group>";
		};
		C2265A34261B7FE90020AFC2 /* To-Do List */ = {
			isa = PBXGroup;
			children = (
				C2265A6C261BE2D00020AFC2 /* high.png */,
				C2265A6D261BE2D00020AFC2 /* low.png */,
				C2265A6B261BE2CF0020AFC2 /* med.png */,
				C2265A35261B7FE90020AFC2 /* AppDelegate.h */,
				C2265A36261B7FE90020AFC2 /* AppDelegate.m */,
				C2265A38261B7FE90020AFC2 /* SceneDelegate.h */,
				C2265A39261B7FE90020AFC2 /* SceneDelegate.m */,
				C2265A3B261B7FE90020AFC2 /* ViewController.h */,
				C2265A3C261B7FE90020AFC2 /* ViewController.m */,
				C2265A3E261B7FE90020AFC2 /* Main.storyboard */,
				C2265A43261B7FEB0020AFC2 /* LaunchScreen.storyboard */,
				C2265A46261B7FEB0020AFC2 /* Info.plist */,
				C2265A47261B7FEB0020AFC2 /* main.m */,
				C2265A51261B869A0020AFC2 /* InprogressViewController.h */,
				C2265A52261B869A0020AFC2 /* InprogressViewController.m */,
				C2265A54261B86A60020AFC2 /* DoneViewController.h */,
				C2265A55261B86A60020AFC2 /* DoneViewController.m */,
				C2265A57261B89AE0020AFC2 /* AddTaskViewController.h */,
				C2265A58261B89AE0020AFC2 /* AddTaskViewController.m */,
				C2265A5A261B97740020AFC2 /* TaskModel.h */,
				C2265A5B261B97740020AFC2 /* TaskModel.m */,
				C2265A60261BB5F50020AFC2 /* MyProtocol.h */,
				C2265A71261BEB630020AFC2 /* EditTaskViewController.h */,
				C2265A72261BEB630020AFC2 /* EditTaskViewController.m */,
			);
			path = "To-Do List";
			sourceTree = "<group>";
		};
		C2265A5D261B9F660020AFC2 /* Frameworks */ = {
			isa = PBXGroup;
			children = (
				C2265A5E261B9F670020AFC2 /* UserNotifications.framework */,
			);
			name = Frameworks;
			sourceTree = "<group>";
		};
/* End PBXGroup section */

/* Begin PBXNativeTarget section */
		C2265A31261B7FE90020AFC2 /* To-Do List */ = {
			isa = PBXNativeTarget;
			buildConfigurationList = C2265A4B261B7FEB0020AFC2 /* Build configuration list for PBXNativeTarget "To-Do List" */;
			buildPhases = (
				C2265A2E261B7FE90020AFC2 /* Sources */,
				C2265A2F261B7FE90020AFC2 /* Frameworks */,
				C2265A30261B7FE90020AFC2 /* Resources */,
			);
			buildRules = (
			);
			dependencies = (
			);
			name = "To-Do List";
			productName = "To-Do List";
			productReference = C2265A32261B7FE90020AFC2 /* To-Do List.app */;
			productType = "com.apple.product-type.application";
		};
/* End PBXNativeTarget section */

/* Begin PBXProject section */
		C2265A2A261B7FE90020AFC2 /* Project object */ = {
			isa = PBXProject;
			attributes = {
				LastUpgradeCheck = 1140;
				ORGANIZATIONNAME = "Amr Muhammad";
				TargetAttributes = {
					C2265A31261B7FE90020AFC2 = {
						CreatedOnToolsVersion = 11.4;
					};
				};
			};
			buildConfigurationList = C2265A2D261B7FE90020AFC2 /* Build configuration list for PBXProject "To-Do List" */;
			compatibilityVersion = "Xcode 9.3";
			developmentRegion = en;
			hasScannedForEncodings = 0;
			knownRegions = (
				en,
				Base,
			);
			mainGroup = C2265A29261B7FE90020AFC2;
			productRefGroup = C2265A33261B7FE90020AFC2 /* Products */;
			projectDirPath = "";
			projectRoot = "";
			targets = (
				C2265A31261B7FE90020AFC2 /* To-Do List */,
			);
		};
/* End PBXProject section */

/* Begin PBXResourcesBuildPhase section */
		C2265A30261B7FE90020AFC2 /* Resources */ = {
			isa = PBXResourcesBuildPhase;
			buildActionMask = 2147483647;
			files = (
				C2265A6E261BE2D00020AFC2 /* med.png in Resources */,
				C2265A45261B7FEB0020AFC2 /* LaunchScreen.storyboard in Resources */,
				C2265A40261B7FE90020AFC2 /* Main.storyboard in Resources */,
				C2265A70261BE2D00020AFC2 /* low.png in Resources */,
				C2265A6F261BE2D00020AFC2 /* high.png in Resources */,
			);
			runOnlyForDeploymentPostprocessing = 0;
		};
/* End PBXResourcesBuildPhase section */

/* Begin PBXSourcesBuildPhase section */
		C2265A2E261B7FE90020AFC2 /* Sources */ = {
			isa = PBXSourcesBuildPhase;
			buildActionMask = 2147483647;
			files = (
				C2265A59261B89AE0020AFC2 /* AddTaskViewController.m in Sources */,
				C2265A53261B869A0020AFC2 /* InprogressViewController.m in Sources */,
				C2265A5C261B97740020AFC2 /* TaskModel.m in Sources */,
				C2265A73261BEB630020AFC2 /* EditTaskViewController.m in Sources */,
				C2265A56261B86A60020AFC2 /* DoneViewController.m in Sources */,
				C2265A3D261B7FE90020AFC2 /* ViewController.m in Sources */,
				C2265A37261B7FE90020AFC2 /* AppDelegate.m in Sources */,
				C2265A48261B7FEB0020AFC2 /* main.m in Sources */,
				C2265A3A261B7FE90020AFC2 /* SceneDelegate.m in Sources */,
			);
			runOnlyForDeploymentPostprocessing = 0;
		};
/* End PBXSourcesBuildPhase section */

/* Begin PBXVariantGroup section */
		C2265A3E261B7FE90020AFC2 /* Main.storyboard */ = {
			isa = PBXVariantGroup;
			children = (
				C2265A3F261B7FE90020AFC2 /* Base */,
			);
			name = Main.storyboard;
			sourceTree = "<group>";
		};
		C2265A43261B7FEB0020AFC2 /* LaunchScreen.storyboard */ = {
			isa = PBXVariantGroup;
			children = (
				C2265A44261B7FEB0020AFC2 /* Base */,
			);
			name = LaunchScreen.storyboard;
			sourceTree = "<group>";
		};
/* End PBXVariantGroup section */

/* Begin XCBuildConfiguration section */
		C2265A49261B7FEB0020AFC2 /* Debug */ = {
			isa = XCBuildConfiguration;
			buildSettings = {
				ALWAYS_SEARCH_USER_PATHS = NO;
				CLANG_ANALYZER_NONNULL = YES;
				CLANG_ANALYZER_NUMBER_OBJECT_CONVERSION = YES_AGGRESSIVE;
				CLANG_CXX_LANGUAGE_STANDARD = "gnu++14";
				CLANG_CXX_LIBRARY = "libc++";
				CLANG_ENABLE_MODULES = YES;
				CLANG_ENABLE_OBJC_ARC = YES;
				CLANG_ENABLE_OBJC_WEAK = YES;
				CLANG_WARN_BLOCK_CAPTURE_AUTORELEASING = YES;
				CLANG_WARN_BOOL_CONVERSION = YES;
				CLANG_WARN_COMMA = YES;
				CLANG_WARN_CONSTANT_CONVERSION = YES;
				CLANG_WARN_DEPRECATED_OBJC_IMPLEMENTATIONS = YES;
				CLANG_WARN_DIRECT_OBJC_ISA_USAGE = YES_ERROR;
				CLANG_WARN_DOCUMENTATION_COMMENTS = YES;
				CLANG_WARN_EMPTY_BODY = YES;
				CLANG_WARN_ENUM_CONVERSION = YES;
				CLANG_WARN_INFINITE_RECURSION = YES;
				CLANG_WARN_INT_CONVERSION = YES;
				CLANG_WARN_NON_LITERAL_NULL_CONVERSION = YES;
				CLANG_WARN_OBJC_IMPLICIT_RETAIN_SELF = YES;
				CLANG_WARN_OBJC_LITERAL_CONVERSION = YES;
				CLANG_WARN_OBJC_ROOT_CLASS = YES_ERROR;
				CLANG_WARN_RANGE_LOOP_ANALYSIS = YES;
				CLANG_WARN_STRICT_PROTOTYPES = YES;
				CLANG_WARN_SUSPICIOUS_MOVE = YES;
				CLANG_WARN_UNGUARDED_AVAILABILITY = YES_AGGRESSIVE;
				CLANG_WARN_UNREACHABLE_CODE = YES;
				CLANG_WARN__DUPLICATE_METHOD_MATCH = YES;
				COPY_PHASE_STRIP = NO;
				DEBUG_INFORMATION_FORMAT = dwarf;
				ENABLE_STRICT_OBJC_MSGSEND = YES;
				ENABLE_TESTABILITY = YES;
				GCC_C_LANGUAGE_STANDARD = gnu11;
				GCC_DYNAMIC_NO_PIC = NO;
				GCC_NO_COMMON_BLOCKS = YES;
				GCC_OPTIMIZATION_LEVEL = 0;
				GCC_PREPROCESSOR_DEFINITIONS = (
					"DEBUG=1",
					"$(inherited)",
				);
				GCC_WARN_64_TO_32_BIT_CONVERSION = YES;
				GCC_WARN_ABOUT_RETURN_TYPE = YES_ERROR;
				GCC_WARN_UNDECLARED_SELECTOR = YES;
				GCC_WARN_UNINITIALIZED_AUTOS = YES_AGGRESSIVE;
				GCC_WARN_UNUSED_FUNCTION = YES;
				GCC_WARN_UNUSED_VARIABLE = YES;
				IPHONEOS_DEPLOYMENT_TARGET = 13.4;
				MTL_ENABLE_DEBUG_INFO = INCLUDE_SOURCE;
				MTL_FAST_MATH = YES;
				ONLY_ACTIVE_ARCH = YES;
				SDKROOT = iphoneos;
			};
			name = Debug;
		};
		C2265A4A261B7FEB0020AFC2 /* Release */ = {
			isa = XCBuildConfiguration;
			buildSettings = {
				ALWAYS_SEARCH_USER_PATHS = NO;
				CLANG_ANALYZER_NONNULL = YES;
				CLANG_ANALYZER_NUMBER_OBJECT_CONVERSION = YES_AGGRESSIVE;
				CLANG_CXX_LANGUAGE_STANDARD = "gnu++14";
				CLANG_CXX_LIBRARY = "libc++";
				CLANG_ENABLE_MODULES = YES;
				CLANG_ENABLE_OBJC_ARC = YES;
				CLANG_ENABLE_OBJC_WEAK = YES;
				CLANG_WARN_BLOCK_CAPTURE_AUTORELEASING = YES;
				CLANG_WARN_BOOL_CONVERSION = YES;
				CLANG_WARN_COMMA = YES;
				CLANG_WARN_CONSTANT_CONVERSION = YES;
				CLANG_WARN_DEPRECATED_OBJC_IMPLEMENTATIONS = YES;
				CLANG_WARN_DIRECT_OBJC_ISA_USAGE = YES_ERROR;
				CLANG_WARN_DOCUMENTATION_COMMENTS = YES;
				CLANG_WARN_EMPTY_BODY = YES;
				CLANG_WARN_ENUM_CONVERSION = YES;
				CLANG_WARN_INFINITE_RECURSION = YES;
				CLANG_WARN_INT_CONVERSION = YES;
				CLANG_WARN_NON_LITERAL_NULL_CONVERSION = YES;
				CLANG_WARN_OBJC_IMPLICIT_RETAIN_SELF = YES;
				CLANG_WARN_OBJC_LITERAL_CONVERSION = YES;
				CLANG_WARN_OBJC_ROOT_CLASS = YES_ERROR;
				CLANG_WARN_RANGE_LOOP_ANALYSIS = YES;
				CLANG_WARN_STRICT_PROTOTYPES = YES;
				CLANG_WARN_SUSPICIOUS_MOVE = YES;
				CLANG_WARN_UNGUARDED_AVAILABILITY = YES_AGGRESSIVE;
				CLANG_WARN_UNREACHABLE_CODE = YES;
				CLANG_WARN__DUPLICATE_METHOD_MATCH = YES;
				COPY_PHASE_STRIP = NO;
				DEBUG_INFORMATION_FORMAT = "dwarf-with-dsym";
				ENABLE_NS_ASSERTIONS = NO;
				ENABLE_STRICT_OBJC_MSGSEND = YES;
				GCC_C_LANGUAGE_STANDARD = gnu11;
				GCC_NO_COMMON_BLOCKS = YES;
				GCC_WARN_64_TO_32_BIT_CONVERSION = YES;
				GCC_WARN_ABOUT_RETURN_TYPE = YES_ERROR;
				GCC_WARN_UNDECLARED_SELECTOR = YES;
				GCC_WARN_UNINITIALIZED_AUTOS = YES_AGGRESSIVE;
				GCC_WARN_UNUSED_FUNCTION = YES;
				GCC_WARN_UNUSED_VARIABLE = YES;
				IPHONEOS_DEPLOYMENT_TARGET = 13.4;
				MTL_ENABLE_DEBUG_INFO = NO;
				MTL_FAST_MATH = YES;
				SDKROOT = iphoneos;
				VALIDATE_PRODUCT = YES;
			};
			name = Release;
		};
		C2265A4C261B7FEB0020AFC2 /* Debug */ = {
			isa = XCBuildConfiguration;
			buildSettings = {
				ASSETCATALOG_COMPILER_APPICON_NAME = AppIcon;
				CODE_SIGN_STYLE = Automatic;
				INFOPLIST_FILE = "To-Do List/Info.plist";
				LD_RUNPATH_SEARCH_PATHS = (
					"$(inherited)",
					"@executable_path/Frameworks",
				);
				PRODUCT_BUNDLE_IDENTIFIER = "amro.To-Do-List";
				PRODUCT_NAME = "$(TARGET_NAME)";
				TARGETED_DEVICE_FAMILY = "1,2";
			};
			name = Debug;
		};
		C2265A4D261B7FEB0020AFC2 /* Release */ = {
			isa = XCBuildConfiguration;
			buildSettings = {
				ASSETCATALOG_COMPILER_APPICON_NAME = AppIcon;
				CODE_SIGN_STYLE = Automatic;
				INFOPLIST_FILE = "To-Do List/Info.plist";
				LD_RUNPATH_SEARCH_PATHS = (
					"$(inherited)",
					"@executable_path/Frameworks",
				);
				PRODUCT_BUNDLE_IDENTIFIER = "amro.To-Do-List";
				PRODUCT_NAME = "$(TARGET_NAME)";
				TARGETED_DEVICE_FAMILY = "1,2";
			};
			name = Release;
		};
/* End XCBuildConfiguration section */

/* Begin XCConfigurationList section */
		C2265A2D261B7FE90020AFC2 /* Build configuration list for PBXProject "To-Do List" */ = {
			isa = XCConfigurationList;
			buildConfigurations = (
				C2265A49261B7FEB0020AFC2 /* Debug */,
				C2265A4A261B7FEB0020AFC2 /* Release */,
			);
			defaultConfigurationIsVisible = 0;
			defaultConfigurationName = Release;
		};
		C2265A4B261B7FEB0020AFC2 /* Build configuration list for PBXNativeTarget "To-Do List" */ = {
			isa = XCConfigurationList;
			buildConfigurations = (
				C2265A4C261B7FEB0020AFC2 /* Debug */,
				C2265A4D261B7FEB0020AFC2 /* Release */,
			);
			defaultConfigurationIsVisible = 0;
			defaultConfigurationName = Release;
		};
/* End XCConfigurationList section */
	};
	rootObject = C2265A2A261B7FE90020AFC2 /* Project object */;
}
